{
  "name": "logic-scripts",
  "version": "1.0.2",
  "lockfileVersion": 3,
  "requires": true,
  "packages": {
    "": {
      "version": "1.0.2",
      "license": "ISC",
      "devDependencies": {
        "logic-pro-types": "^1.0.3",
        "typescript": "^5.2.2"
      }
    },
    "node_modules/logic-pro-types": {
      "version": "1.0.3",
      "resolved": "https://registry.npmjs.org/logic-pro-types/-/logic-pro-types-1.0.3.tgz",
      "integrity": "sha512-iekuev9sBMvLDfMUPJqBotCbyFuPAGCTUUnEcAQ+TLxQjjmNpGRp1xFUKQBQjXoXqXX+mDWk1SB5viskmG9SQA==",
      "dev": true
    },
    "node_modules/typescript": {
      "version": "5.2.2",
      "resolved": "https://registry.npmjs.org/typescript/-/typescript-5.2.2.tgz",
      "integrity": "sha512-mI4WrpHsbCIcwT9cF4FZvr80QUeKvsUsUvKDoR+X/7XHQH98xYD8YHZg7ANtz2GtZt/CBq2QJ0thkGJMHfqc1w==",
      "dev": true,
      "bin": {
        "tsc": "bin/tsc",
        "tsserver": "bin/tsserver"
      },
      "engines": {
        "node": ">=14.17"
      }
    }
  }
}
